// !$*UTF8*$!
{
	archiveVersion = 1;
	classes = {
	};
	objectVersion = 50;
	objects = {

/* Begin PBXBuildFile section */
		EE6FC54D2348E06A00978B51 /* AppDelegate.swift in Sources */ = {isa = PBXBuildFile; fileRef = EE6FC54C2348E06A00978B51 /* AppDelegate.swift */; };
		EE6FC54F2348E06A00978B51 /* SceneDelegate.swift in Sources */ = {isa = PBXBuildFile; fileRef = EE6FC54E2348E06A00978B51 /* SceneDelegate.swift */; };
		EE6FC5542348E06A00978B51 /* Main.storyboard in Resources */ = {isa = PBXBuildFile; fileRef = EE6FC5522348E06A00978B51 /* Main.storyboard */; };
		EE6FC5562348E06B00978B51 /* Assets.xcassets in Resources */ = {isa = PBXBuildFile; fileRef = EE6FC5552348E06B00978B51 /* Assets.xcassets */; };
		EE6FC5592348E06B00978B51 /* LaunchScreen.storyboard in Resources */ = {isa = PBXBuildFile; fileRef = EE6FC5572348E06B00978B51 /* LaunchScreen.storyboard */; };
		EE6FC5612348E34F00978B51 /* PersonsTableViewController.swift in Sources */ = {isa = PBXBuildFile; fileRef = EE6FC5602348E34F00978B51 /* PersonsTableViewController.swift */; };
		EE6FC5662348E8D800978B51 /* Person.swift in Sources */ = {isa = PBXBuildFile; fileRef = EE6FC5652348E8D800978B51 /* Person.swift */; };
		EE6FC56A23490AAC00978B51 /* Default-568h@2x.png in Resources */ = {isa = PBXBuildFile; fileRef = EE6FC56923490AAC00978B51 /* Default-568h@2x.png */; };
		EEFDBC50234A200D007F033B /* PersonViewCell.swift in Sources */ = {isa = PBXBuildFile; fileRef = EEFDBC4F234A200D007F033B /* PersonViewCell.swift */; };
/* End PBXBuildFile section */

/* Begin PBXFileReference section */
		EE6FC5492348E06A00978B51 /* HW2.6.2.app */ = {isa = PBXFileReference; explicitFileType = wrapper.application; includeInIndex = 0; path = HW2.6.2.app; sourceTree = BUILT_PRODUCTS_DIR; };
		EE6FC54C2348E06A00978B51 /* AppDelegate.swift */ = {isa = PBXFileReference; lastKnownFileType = sourcecode.swift; path = AppDelegate.swift; sourceTree = "<group>"; };
		EE6FC54E2348E06A00978B51 /* SceneDelegate.swift */ = {isa = PBXFileReference; lastKnownFileType = sourcecode.swift; path = SceneDelegate.swift; sourceTree = "<group>"; };
		EE6FC5532348E06A00978B51 /* Base */ = {isa = PBXFileReference; lastKnownFileType = file.storyboard; name = Base; path = Base.lproj/Main.storyboard; sourceTree = "<group>"; };
		EE6FC5552348E06B00978B51 /* Assets.xcassets */ = {isa = PBXFileReference; lastKnownFileType = folder.assetcatalog; path = Assets.xcassets; sourceTree = "<group>"; };
		EE6FC5582348E06B00978B51 /* Base */ = {isa = PBXFileReference; lastKnownFileType = file.storyboard; name = Base; path = Base.lproj/LaunchScreen.storyboard; sourceTree = "<group>"; };
		EE6FC55A2348E06B00978B51 /* Info.plist */ = {isa = PBXFileReference; lastKnownFileType = text.plist.xml; path = Info.plist; sourceTree = "<group>"; };
		EE6FC5602348E34F00978B51 /* PersonsTableViewController.swift */ = {isa = PBXFileReference; lastKnownFileType = sourcecode.swift; path = PersonsTableViewController.swift; sourceTree = "<group>"; };
		EE6FC5652348E8D800978B51 /* Person.swift */ = {isa = PBXFileReference; lastKnownFileType = sourcecode.swift; path = Person.swift; sourceTree = "<group>"; };
		EE6FC56923490AAC00978B51 /* Default-568h@2x.png */ = {isa = PBXFileReference; lastKnownFileType = image.png; path = "Default-568h@2x.png"; sourceTree = "<group>"; };
		EEFDBC4F234A200D007F033B /* PersonViewCell.swift */ = {isa = PBXFileReference; lastKnownFileType = sourcecode.swift; path = PersonViewCell.swift; sourceTree = "<group>"; };
/* End PBXFileReference section */

/* Begin PBXFrameworksBuildPhase section */
		EE6FC5462348E06A00978B51 /* Frameworks */ = {
			isa = PBXFrameworksBuildPhase;
			buildActionMask = 2147483647;
			files = (
			);
			runOnlyForDeploymentPostprocessing = 0;
		};
/* End PBXFrameworksBuildPhase section */

/* Begin PBXGroup section */
		EE6FC5402348E06A00978B51 = {
			isa = PBXGroup;
			children = (
				EE6FC56923490AAC00978B51 /* Default-568h@2x.png */,
				EE6FC54B2348E06A00978B51 /* HW2.6.1 */,
				EE6FC54A2348E06A00978B51 /* Products */,
			);
			sourceTree = "<group>";
		};
		EE6FC54A2348E06A00978B51 /* Products */ = {
			isa = PBXGroup;
			children = (
				EE6FC5492348E06A00978B51 /* HW2.6.2.app */,
			);
			name = Products;
			sourceTree = "<group>";
		};
		EE6FC54B2348E06A00978B51 /* HW2.6.1 */ = {
			isa = PBXGroup;
			children = (
				EE6FC5642348E3B500978B51 /* models */,
				EE6FC54C2348E06A00978B51 /* AppDelegate.swift */,
				EE6FC54E2348E06A00978B51 /* SceneDelegate.swift */,
				EE6FC5522348E06A00978B51 /* Main.storyboard */,
				EE6FC5602348E34F00978B51 /* PersonsTableViewController.swift */,
				EEFDBC4F234A200D007F033B /* PersonViewCell.swift */,
				EE6FC5552348E06B00978B51 /* Assets.xcassets */,
				EE6FC5572348E06B00978B51 /* LaunchScreen.storyboard */,
				EE6FC55A2348E06B00978B51 /* Info.plist */,
			);
			path = HW2.6.1;
			sourceTree = "<group>";
		};
		EE6FC5642348E3B500978B51 /* models */ = {
			isa = PBXGroup;
			children = (
				EE6FC5652348E8D800978B51 /* Person.swift */,
			);
			path = models;
			sourceTree = "<group>";
		};
/* End PBXGroup section */

/* Begin PBXNativeTarget section */
		EE6FC5482348E06A00978B51 /* HW2.6.2 */ = {
			isa = PBXNativeTarget;
			buildConfigurationList = EE6FC55D2348E06B00978B51 /* Build configuration list for PBXNativeTarget "HW2.6.2" */;
			buildPhases = (
				EE6FC5452348E06A00978B51 /* Sources */,
				EE6FC5462348E06A00978B51 /* Frameworks */,
				EE6FC5472348E06A00978B51 /* Resources */,
			);
			buildRules = (
			);
			dependencies = (
			);
			name = HW2.6.2;
			productName = HW2.6.1;
			productReference = EE6FC5492348E06A00978B51 /* HW2.6.2.app */;
			productType = "com.apple.product-type.application";
		};
/* End PBXNativeTarget section */

/* Begin PBXProject section */
		EE6FC5412348E06A00978B51 /* Project object */ = {
			isa = PBXProject;
			attributes = {
				LastSwiftUpdateCheck = 1100;
				LastUpgradeCheck = 1100;
				ORGANIZATIONNAME = "Artem Grebenkin";
				TargetAttributes = {
					EE6FC5482348E06A00978B51 = {
						CreatedOnToolsVersion = 11.0;
					};
				};
			};
			buildConfigurationList = EE6FC5442348E06A00978B51 /* Build configuration list for PBXProject "HW2.6.2" */;
			compatibilityVersion = "Xcode 9.3";
			developmentRegion = en;
			hasScannedForEncodings = 0;
			knownRegions = (
				en,
				Base,
			);
			mainGroup = EE6FC5402348E06A00978B51;
			productRefGroup = EE6FC54A2348E06A00978B51 /* Products */;
			projectDirPath = "";
			projectRoot = "";
			targets = (
				EE6FC5482348E06A00978B51 /* HW2.6.2 */,
			);
		};
/* End PBXProject section */

/* Begin PBXResourcesBuildPhase section */
		EE6FC5472348E06A00978B51 /* Resources */ = {
			isa = PBXResourcesBuildPhase;
			buildActionMask = 2147483647;
			files = (
				EE6FC5592348E06B00978B51 /* LaunchScreen.storyboard in Resources */,
				EE6FC56A23490AAC00978B51 /* Default-568h@2x.png in Resources */,
				EE6FC5562348E06B00978B51 /* Assets.xcassets in Resources */,
				EE6FC5542348E06A00978B51 /* Main.storyboard in Resources */,
			);
			runOnlyForDeploymentPostprocessing = 0;
		};
/* End PBXResourcesBuildPhase section */

/* Begin PBXSourcesBuildPhase section */
		EE6FC5452348E06A00978B51 /* Sources */ = {
			isa = PBXSourcesBuildPhase;
			buildActionMask = 2147483647;
			files = (
				EE6FC54D2348E06A00978B51 /* AppDelegate.swift in Sources */,
				EEFDBC50234A200D007F033B /* PersonViewCell.swift in Sources */,
				EE6FC54F2348E06A00978B51 /* SceneDelegate.swift in Sources */,
				EE6FC5662348E8D800978B51 /* Person.swift in Sources */,
				EE6FC5612348E34F00978B51 /* PersonsTableViewController.swift in Sources */,
			);
			runOnlyForDeploymentPostprocessing = 0;
		};
/* End PBXSourcesBuildPhase section */

/* Begin PBXVariantGroup section */
		EE6FC5522348E06A00978B51 /* Main.storyboard */ = {
			isa = PBXVariantGroup;
			children = (
				EE6FC5532348E06A00978B51 /* Base */,
			);
			name = Main.storyboard;
			sourceTree = "<group>";
		};
		EE6FC5572348E06B00978B51 /* LaunchScreen.storyboard */ = {
			isa = PBXVariantGroup;
			children = (
				EE6FC5582348E06B00978B51 /* Base */,
			);
			name = LaunchScreen.storyboard;
			sourceTree = "<group>";
		};
/* End PBXVariantGroup section */

/* Begin XCBuildConfiguration section */
		EE6FC55B2348E06B00978B51 /* Debug */ = {
			isa = XCBuildConfiguration;
			buildSettings = {
				ALWAYS_SEARCH_USER_PATHS = NO;
				CLANG_ANALYZER_NONNULL = YES;
				CLANG_ANALYZER_NUMBER_OBJECT_CONVERSION = YES_AGGRESSIVE;
				CLANG_CXX_LANGUAGE_STANDARD = "gnu++14";
				CLANG_CXX_LIBRARY = "libc++";
				CLANG_ENABLE_MODULES = YES;
				CLANG_ENABLE_OBJC_ARC = YES;
				CLANG_ENABLE_OBJC_WEAK = YES;
				CLANG_WARN_BLOCK_CAPTURE_AUTORELEASING = YES;
				CLANG_WARN_BOOL_CONVERSION = YES;
				CLANG_WARN_COMMA = YES;
				CLANG_WARN_CONSTANT_CONVERSION = YES;
				CLANG_WARN_DEPRECATED_OBJC_IMPLEMENTATIONS = YES;
				CLANG_WARN_DIRECT_OBJC_ISA_USAGE = YES_ERROR;
				CLANG_WARN_DOCUMENTATION_COMMENTS = YES;
				CLANG_WARN_EMPTY_BODY = YES;
				CLANG_WARN_ENUM_CONVERSION = YES;
				CLANG_WARN_INFINITE_RECURSION = YES;
				CLANG_WARN_INT_CONVERSION = YES;
				CLANG_WARN_NON_LITERAL_NULL_CONVERSION = YES;
				CLANG_WARN_OBJC_IMPLICIT_RETAIN_SELF = YES;
				CLANG_WARN_OBJC_LITERAL_CONVERSION = YES;
				CLANG_WARN_OBJC_ROOT_CLASS = YES_ERROR;
				CLANG_WARN_RANGE_LOOP_ANALYSIS = YES;
				CLANG_WARN_STRICT_PROTOTYPES = YES;
				CLANG_WARN_SUSPICIOUS_MOVE = YES;
				CLANG_WARN_UNGUARDED_AVAILABILITY = YES_AGGRESSIVE;
				CLANG_WARN_UNREACHABLE_CODE = YES;
				CLANG_WARN__DUPLICATE_METHOD_MATCH = YES;
				COPY_PHASE_STRIP = NO;
				DEBUG_INFORMATION_FORMAT = dwarf;
				ENABLE_STRICT_OBJC_MSGSEND = YES;
				ENABLE_TESTABILITY = YES;
				GCC_C_LANGUAGE_STANDARD = gnu11;
				GCC_DYNAMIC_NO_PIC = NO;
				GCC_NO_COMMON_BLOCKS = YES;
				GCC_OPTIMIZATION_LEVEL = 0;
				GCC_PREPROCESSOR_DEFINITIONS = (
					"DEBUG=1",
					"$(inherited)",
				);
				GCC_WARN_64_TO_32_BIT_CONVERSION = YES;
				GCC_WARN_ABOUT_RETURN_TYPE = YES_ERROR;
				GCC_WARN_UNDECLARED_SELECTOR = YES;
				GCC_WARN_UNINITIALIZED_AUTOS = YES_AGGRESSIVE;
				GCC_WARN_UNUSED_FUNCTION = YES;
				GCC_WARN_UNUSED_VARIABLE = YES;
				IPHONEOS_DEPLOYMENT_TARGET = 13.0;
				MTL_ENABLE_DEBUG_INFO = INCLUDE_SOURCE;
				MTL_FAST_MATH = YES;
				ONLY_ACTIVE_ARCH = YES;
				SDKROOT = iphoneos;
				SWIFT_ACTIVE_COMPILATION_CONDITIONS = DEBUG;
				SWIFT_OPTIMIZATION_LEVEL = "-Onone";
			};
			name = Debug;
		};
		EE6FC55C2348E06B00978B51 /* Release */ = {
			isa = XCBuildConfiguration;
			buildSettings = {
				ALWAYS_SEARCH_USER_PATHS = NO;
				CLANG_ANALYZER_NONNULL = YES;
				CLANG_ANALYZER_NUMBER_OBJECT_CONVERSION = YES_AGGRESSIVE;
				CLANG_CXX_LANGUAGE_STANDARD = "gnu++14";
				CLANG_CXX_LIBRARY = "libc++";
				CLANG_ENABLE_MODULES = YES;
				CLANG_ENABLE_OBJC_ARC = YES;
				CLANG_ENABLE_OBJC_WEAK = YES;
				CLANG_WARN_BLOCK_CAPTURE_AUTORELEASING = YES;
				CLANG_WARN_BOOL_CONVERSION = YES;
				CLANG_WARN_COMMA = YES;
				CLANG_WARN_CONSTANT_CONVERSION = YES;
				CLANG_WARN_DEPRECATED_OBJC_IMPLEMENTATIONS = YES;
				CLANG_WARN_DIRECT_OBJC_ISA_USAGE = YES_ERROR;
				CLANG_WARN_DOCUMENTATION_COMMENTS = YES;
				CLANG_WARN_EMPTY_BODY = YES;
				CLANG_WARN_ENUM_CONVERSION = YES;
				CLANG_WARN_INFINITE_RECURSION = YES;
				CLANG_WARN_INT_CONVERSION = YES;
				CLANG_WARN_NON_LITERAL_NULL_CONVERSION = YES;
				CLANG_WARN_OBJC_IMPLICIT_RETAIN_SELF = YES;
				CLANG_WARN_OBJC_LITERAL_CONVERSION = YES;
				CLANG_WARN_OBJC_ROOT_CLASS = YES_ERROR;
				CLANG_WARN_RANGE_LOOP_ANALYSIS = YES;
				CLANG_WARN_STRICT_PROTOTYPES = YES;
				CLANG_WARN_SUSPICIOUS_MOVE = YES;
				CLANG_WARN_UNGUARDED_AVAILABILITY = YES_AGGRESSIVE;
				CLANG_WARN_UNREACHABLE_CODE = YES;
				CLANG_WARN__DUPLICATE_METHOD_MATCH = YES;
				COPY_PHASE_STRIP = NO;
				DEBUG_INFORMATION_FORMAT = "dwarf-with-dsym";
				ENABLE_NS_ASSERTIONS = NO;
				ENABLE_STRICT_OBJC_MSGSEND = YES;
				GCC_C_LANGUAGE_STANDARD = gnu11;
				GCC_NO_COMMON_BLOCKS = YES;
				GCC_WARN_64_TO_32_BIT_CONVERSION = YES;
				GCC_WARN_ABOUT_RETURN_TYPE = YES_ERROR;
				GCC_WARN_UNDECLARED_SELECTOR = YES;
				GCC_WARN_UNINITIALIZED_AUTOS = YES_AGGRESSIVE;
				GCC_WARN_UNUSED_FUNCTION = YES;
				GCC_WARN_UNUSED_VARIABLE = YES;
				IPHONEOS_DEPLOYMENT_TARGET = 13.0;
				MTL_ENABLE_DEBUG_INFO = NO;
				MTL_FAST_MATH = YES;
				SDKROOT = iphoneos;
				SWIFT_COMPILATION_MODE = wholemodule;
				SWIFT_OPTIMIZATION_LEVEL = "-O";
				VALIDATE_PRODUCT = YES;
			};
			name = Release;
		};
		EE6FC55E2348E06B00978B51 /* Debug */ = {
			isa = XCBuildConfiguration;
			buildSettings = {
				ASSETCATALOG_COMPILER_APPICON_NAME = AppIcon;
				CODE_SIGN_STYLE = Automatic;
				DEVELOPMENT_TEAM = 9DJE2HCN94;
				INFOPLIST_FILE = HW2.6.1/Info.plist;
				LD_RUNPATH_SEARCH_PATHS = (
					"$(inherited)",
					"@executable_path/Frameworks",
				);
				PRODUCT_BUNDLE_IDENTIFIER = "www.grebenkin.art.HW2-6-2";
				PRODUCT_NAME = HW2.6.2;
				SWIFT_VERSION = 5.0;
				TARGETED_DEVICE_FAMILY = 1;
			};
			name = Debug;
		};
		EE6FC55F2348E06B00978B51 /* Release */ = {
			isa = XCBuildConfiguration;
			buildSettings = {
				ASSETCATALOG_COMPILER_APPICON_NAME = AppIcon;
				CODE_SIGN_STYLE = Automatic;
				DEVELOPMENT_TEAM = 9DJE2HCN94;
				INFOPLIST_FILE = HW2.6.1/Info.plist;
				LD_RUNPATH_SEARCH_PATHS = (
					"$(inherited)",
					"@executable_path/Frameworks",
				);
				PRODUCT_BUNDLE_IDENTIFIER = "www.grebenkin.art.HW2-6-2";
				PRODUCT_NAME = HW2.6.2;
				SWIFT_VERSION = 5.0;
				TARGETED_DEVICE_FAMILY = 1;
			};
			name = Release;
		};
/* End XCBuildConfiguration section */

/* Begin XCConfigurationList section */
		EE6FC5442348E06A00978B51 /* Build configuration list for PBXProject "HW2.6.2" */ = {
			isa = XCConfigurationList;
			buildConfigurations = (
				EE6FC55B2348E06B00978B51 /* Debug */,
				EE6FC55C2348E06B00978B51 /* Release */,
			);
			defaultConfigurationIsVisible = 0;
			defaultConfigurationName = Release;
		};
		EE6FC55D2348E06B00978B51 /* Build configuration list for PBXNativeTarget "HW2.6.2" */ = {
			isa = XCConfigurationList;
			buildConfigurations = (
				EE6FC55E2348E06B00978B51 /* Debug */,
				EE6FC55F2348E06B00978B51 /* Release */,
			);
			defaultConfigurationIsVisible = 0;
			defaultConfigurationName = Release;
		};
/* End XCConfigurationList section */
	};
	rootObject = EE6FC5412348E06A00978B51 /* Project object */;
}
